// !$*UTF8*$!
{
	archiveVersion = 1;
	classes = {
	};
	objectVersion = 50;
	objects = {

/* Begin PBXBuildFile section */
		79410B4F2507D65500F2ADCE /* AppDelegate.swift in Sources */ = {isa = PBXBuildFile; fileRef = 79410B4E2507D65500F2ADCE /* AppDelegate.swift */; };
		79410B512507D65500F2ADCE /* SceneDelegate.swift in Sources */ = {isa = PBXBuildFile; fileRef = 79410B502507D65500F2ADCE /* SceneDelegate.swift */; };
		79410B532507D65500F2ADCE /* ViewController.swift in Sources */ = {isa = PBXBuildFile; fileRef = 79410B522507D65500F2ADCE /* ViewController.swift */; };
		79410B562507D65500F2ADCE /* Main.storyboard in Resources */ = {isa = PBXBuildFile; fileRef = 79410B542507D65500F2ADCE /* Main.storyboard */; };
		79410B582507D65600F2ADCE /* Assets.xcassets in Resources */ = {isa = PBXBuildFile; fileRef = 79410B572507D65600F2ADCE /* Assets.xcassets */; };
		79410B5B2507D65600F2ADCE /* LaunchScreen.storyboard in Resources */ = {isa = PBXBuildFile; fileRef = 79410B592507D65600F2ADCE /* LaunchScreen.storyboard */; };
		79410B662507D65700F2ADCE /* BeTests.swift in Sources */ = {isa = PBXBuildFile; fileRef = 79410B652507D65700F2ADCE /* BeTests.swift */; };
		79410B712507D65700F2ADCE /* BeUITests.swift in Sources */ = {isa = PBXBuildFile; fileRef = 79410B702507D65700F2ADCE /* BeUITests.swift */; };
/* End PBXBuildFile section */

/* Begin PBXContainerItemProxy section */
		79410B622507D65700F2ADCE /* PBXContainerItemProxy */ = {
			isa = PBXContainerItemProxy;
			containerPortal = 79410B432507D65400F2ADCE /* Project object */;
			proxyType = 1;
			remoteGlobalIDString = 79410B4A2507D65400F2ADCE;
			remoteInfo = Be;
		};
		79410B6D2507D65700F2ADCE /* PBXContainerItemProxy */ = {
			isa = PBXContainerItemProxy;
			containerPortal = 79410B432507D65400F2ADCE /* Project object */;
			proxyType = 1;
			remoteGlobalIDString = 79410B4A2507D65400F2ADCE;
			remoteInfo = Be;
		};
/* End PBXContainerItemProxy section */

/* Begin PBXFileReference section */
		79410B4B2507D65400F2ADCE /* Be.app */ = {isa = PBXFileReference; explicitFileType = wrapper.application; includeInIndex = 0; path = Be.app; sourceTree = BUILT_PRODUCTS_DIR; };
		79410B4E2507D65500F2ADCE /* AppDelegate.swift */ = {isa = PBXFileReference; lastKnownFileType = sourcecode.swift; path = AppDelegate.swift; sourceTree = "<group>"; };
		79410B502507D65500F2ADCE /* SceneDelegate.swift */ = {isa = PBXFileReference; lastKnownFileType = sourcecode.swift; path = SceneDelegate.swift; sourceTree = "<group>"; };
		79410B522507D65500F2ADCE /* ViewController.swift */ = {isa = PBXFileReference; lastKnownFileType = sourcecode.swift; path = ViewController.swift; sourceTree = "<group>"; };
		79410B552507D65500F2ADCE /* Base */ = {isa = PBXFileReference; lastKnownFileType = file.storyboard; name = Base; path = Base.lproj/Main.storyboard; sourceTree = "<group>"; };
		79410B572507D65600F2ADCE /* Assets.xcassets */ = {isa = PBXFileReference; lastKnownFileType = folder.assetcatalog; path = Assets.xcassets; sourceTree = "<group>"; };
		79410B5A2507D65600F2ADCE /* Base */ = {isa = PBXFileReference; lastKnownFileType = file.storyboard; name = Base; path = Base.lproj/LaunchScreen.storyboard; sourceTree = "<group>"; };
		79410B5C2507D65600F2ADCE /* Info.plist */ = {isa = PBXFileReference; lastKnownFileType = text.plist.xml; path = Info.plist; sourceTree = "<group>"; };
		79410B612507D65700F2ADCE /* BeTests.xctest */ = {isa = PBXFileReference; explicitFileType = wrapper.cfbundle; includeInIndex = 0; path = BeTests.xctest; sourceTree = BUILT_PRODUCTS_DIR; };
		79410B652507D65700F2ADCE /* BeTests.swift */ = {isa = PBXFileReference; lastKnownFileType = sourcecode.swift; path = BeTests.swift; sourceTree = "<group>"; };
		79410B672507D65700F2ADCE /* Info.plist */ = {isa = PBXFileReference; lastKnownFileType = text.plist.xml; path = Info.plist; sourceTree = "<group>"; };
		79410B6C2507D65700F2ADCE /* BeUITests.xctest */ = {isa = PBXFileReference; explicitFileType = wrapper.cfbundle; includeInIndex = 0; path = BeUITests.xctest; sourceTree = BUILT_PRODUCTS_DIR; };
		79410B702507D65700F2ADCE /* BeUITests.swift */ = {isa = PBXFileReference; lastKnownFileType = sourcecode.swift; path = BeUITests.swift; sourceTree = "<group>"; };
		79410B722507D65700F2ADCE /* Info.plist */ = {isa = PBXFileReference; lastKnownFileType = text.plist.xml; path = Info.plist; sourceTree = "<group>"; };
/* End PBXFileReference section */

/* Begin PBXFrameworksBuildPhase section */
		79410B482507D65400F2ADCE /* Frameworks */ = {
			isa = PBXFrameworksBuildPhase;
			buildActionMask = 2147483647;
			files = (
			);
			runOnlyForDeploymentPostprocessing = 0;
		};
		79410B5E2507D65700F2ADCE /* Frameworks */ = {
			isa = PBXFrameworksBuildPhase;
			buildActionMask = 2147483647;
			files = (
			);
			runOnlyForDeploymentPostprocessing = 0;
		};
		79410B692507D65700F2ADCE /* Frameworks */ = {
			isa = PBXFrameworksBuildPhase;
			buildActionMask = 2147483647;
			files = (
			);
			runOnlyForDeploymentPostprocessing = 0;
		};
/* End PBXFrameworksBuildPhase section */

/* Begin PBXGroup section */
		79410B422507D65400F2ADCE = {
			isa = PBXGroup;
			children = (
				79410B4D2507D65500F2ADCE /* Be */,
				79410B642507D65700F2ADCE /* BeTests */,
				79410B6F2507D65700F2ADCE /* BeUITests */,
				79410B4C2507D65400F2ADCE /* Products */,
			);
			sourceTree = "<group>";
		};
		79410B4C2507D65400F2ADCE /* Products */ = {
			isa = PBXGroup;
			children = (
				79410B4B2507D65400F2ADCE /* Be.app */,
				79410B612507D65700F2ADCE /* BeTests.xctest */,
				79410B6C2507D65700F2ADCE /* BeUITests.xctest */,
			);
			name = Products;
			sourceTree = "<group>";
		};
		79410B4D2507D65500F2ADCE /* Be */ = {
			isa = PBXGroup;
			children = (
				79410B4E2507D65500F2ADCE /* AppDelegate.swift */,
				79410B502507D65500F2ADCE /* SceneDelegate.swift */,
				79410B522507D65500F2ADCE /* ViewController.swift */,
				79410B542507D65500F2ADCE /* Main.storyboard */,
				79410B572507D65600F2ADCE /* Assets.xcassets */,
				79410B592507D65600F2ADCE /* LaunchScreen.storyboard */,
				79410B5C2507D65600F2ADCE /* Info.plist */,
			);
			path = Be;
			sourceTree = "<group>";
		};
		79410B642507D65700F2ADCE /* BeTests */ = {
			isa = PBXGroup;
			children = (
				79410B652507D65700F2ADCE /* BeTests.swift */,
				79410B672507D65700F2ADCE /* Info.plist */,
			);
			path = BeTests;
			sourceTree = "<group>";
		};
		79410B6F2507D65700F2ADCE /* BeUITests */ = {
			isa = PBXGroup;
			children = (
				79410B702507D65700F2ADCE /* BeUITests.swift */,
				79410B722507D65700F2ADCE /* Info.plist */,
			);
			path = BeUITests;
			sourceTree = "<group>";
		};
/* End PBXGroup section */

/* Begin PBXNativeTarget section */
		79410B4A2507D65400F2ADCE /* Be */ = {
			isa = PBXNativeTarget;
			buildConfigurationList = 79410B752507D65700F2ADCE /* Build configuration list for PBXNativeTarget "Be" */;
			buildPhases = (
				79410B472507D65400F2ADCE /* Sources */,
				79410B482507D65400F2ADCE /* Frameworks */,
				79410B492507D65400F2ADCE /* Resources */,
			);
			buildRules = (
			);
			dependencies = (
			);
			name = Be;
			productName = Be;
			productReference = 79410B4B2507D65400F2ADCE /* Be.app */;
			productType = "com.apple.product-type.application";
		};
		79410B602507D65700F2ADCE /* BeTests */ = {
			isa = PBXNativeTarget;
			buildConfigurationList = 79410B782507D65700F2ADCE /* Build configuration list for PBXNativeTarget "BeTests" */;
			buildPhases = (
				79410B5D2507D65700F2ADCE /* Sources */,
				79410B5E2507D65700F2ADCE /* Frameworks */,
				79410B5F2507D65700F2ADCE /* Resources */,
			);
			buildRules = (
			);
			dependencies = (
				79410B632507D65700F2ADCE /* PBXTargetDependency */,
			);
			name = BeTests;
			productName = BeTests;
			productReference = 79410B612507D65700F2ADCE /* BeTests.xctest */;
			productType = "com.apple.product-type.bundle.unit-test";
		};
		79410B6B2507D65700F2ADCE /* BeUITests */ = {
			isa = PBXNativeTarget;
			buildConfigurationList = 79410B7B2507D65700F2ADCE /* Build configuration list for PBXNativeTarget "BeUITests" */;
			buildPhases = (
				79410B682507D65700F2ADCE /* Sources */,
				79410B692507D65700F2ADCE /* Frameworks */,
				79410B6A2507D65700F2ADCE /* Resources */,
			);
			buildRules = (
			);
			dependencies = (
				79410B6E2507D65700F2ADCE /* PBXTargetDependency */,
			);
			name = BeUITests;
			productName = BeUITests;
			productReference = 79410B6C2507D65700F2ADCE /* BeUITests.xctest */;
			productType = "com.apple.product-type.bundle.ui-testing";
		};
/* End PBXNativeTarget section */

/* Begin PBXProject section */
		79410B432507D65400F2ADCE /* Project object */ = {
			isa = PBXProject;
			attributes = {
				LastSwiftUpdateCheck = 1170;
				LastUpgradeCheck = 1170;
				ORGANIZATIONNAME = "Mohammed Alsafi";
				TargetAttributes = {
					79410B4A2507D65400F2ADCE = {
						CreatedOnToolsVersion = 11.7;
					};
					79410B602507D65700F2ADCE = {
						CreatedOnToolsVersion = 11.7;
						TestTargetID = 79410B4A2507D65400F2ADCE;
					};
					79410B6B2507D65700F2ADCE = {
						CreatedOnToolsVersion = 11.7;
						TestTargetID = 79410B4A2507D65400F2ADCE;
					};
				};
			};
			buildConfigurationList = 79410B462507D65400F2ADCE /* Build configuration list for PBXProject "Be" */;
			compatibilityVersion = "Xcode 9.3";
			developmentRegion = en;
			hasScannedForEncodings = 0;
			knownRegions = (
				en,
				Base,
			);
			mainGroup = 79410B422507D65400F2ADCE;
			productRefGroup = 79410B4C2507D65400F2ADCE /* Products */;
			projectDirPath = "";
			projectRoot = "";
			targets = (
				79410B4A2507D65400F2ADCE /* Be */,
				79410B602507D65700F2ADCE /* BeTests */,
				79410B6B2507D65700F2ADCE /* BeUITests */,
			);
		};
/* End PBXProject section */

/* Begin PBXResourcesBuildPhase section */
		79410B492507D65400F2ADCE /* Resources */ = {
			isa = PBXResourcesBuildPhase;
			buildActionMask = 2147483647;
			files = (
				79410B5B2507D65600F2ADCE /* LaunchScreen.storyboard in Resources */,
				79410B582507D65600F2ADCE /* Assets.xcassets in Resources */,
				79410B562507D65500F2ADCE /* Main.storyboard in Resources */,
			);
			runOnlyForDeploymentPostprocessing = 0;
		};
		79410B5F2507D65700F2ADCE /* Resources */ = {
			isa = PBXResourcesBuildPhase;
			buildActionMask = 2147483647;
			files = (
			);
			runOnlyForDeploymentPostprocessing = 0;
		};
		79410B6A2507D65700F2ADCE /* Resources */ = {
			isa = PBXResourcesBuildPhase;
			buildActionMask = 2147483647;
			files = (
			);
			runOnlyForDeploymentPostprocessing = 0;
		};
/* End PBXResourcesBuildPhase section */

/* Begin PBXSourcesBuildPhase section */
		79410B472507D65400F2ADCE /* Sources */ = {
			isa = PBXSourcesBuildPhase;
			buildActionMask = 2147483647;
			files = (
				79410B532507D65500F2ADCE /* ViewController.swift in Sources */,
				79410B4F2507D65500F2ADCE /* AppDelegate.swift in Sources */,
				79410B512507D65500F2ADCE /* SceneDelegate.swift in Sources */,
			);
			runOnlyForDeploymentPostprocessing = 0;
		};
		79410B5D2507D65700F2ADCE /* Sources */ = {
			isa = PBXSourcesBuildPhase;
			buildActionMask = 2147483647;
			files = (
				79410B662507D65700F2ADCE /* BeTests.swift in Sources */,
			);
			runOnlyForDeploymentPostprocessing = 0;
		};
		79410B682507D65700F2ADCE /* Sources */ = {
			isa = PBXSourcesBuildPhase;
			buildActionMask = 2147483647;
			files = (
				79410B712507D65700F2ADCE /* BeUITests.swift in Sources */,
			);
			runOnlyForDeploymentPostprocessing = 0;
		};
/* End PBXSourcesBuildPhase section */

/* Begin PBXTargetDependency section */
		79410B632507D65700F2ADCE /* PBXTargetDependency */ = {
			isa = PBXTargetDependency;
			target = 79410B4A2507D65400F2ADCE /* Be */;
			targetProxy = 79410B622507D65700F2ADCE /* PBXContainerItemProxy */;
		};
		79410B6E2507D65700F2ADCE /* PBXTargetDependency */ = {
			isa = PBXTargetDependency;
			target = 79410B4A2507D65400F2ADCE /* Be */;
			targetProxy = 79410B6D2507D65700F2ADCE /* PBXContainerItemProxy */;
		};
/* End PBXTargetDependency section */

/* Begin PBXVariantGroup section */
		79410B542507D65500F2ADCE /* Main.storyboard */ = {
			isa = PBXVariantGroup;
			children = (
				79410B552507D65500F2ADCE /* Base */,
			);
			name = Main.storyboard;
			sourceTree = "<group>";
		};
		79410B592507D65600F2ADCE /* LaunchScreen.storyboard */ = {
			isa = PBXVariantGroup;
			children = (
				79410B5A2507D65600F2ADCE /* Base */,
			);
			name = LaunchScreen.storyboard;
			sourceTree = "<group>";
		};
/* End PBXVariantGroup section */

/* Begin XCBuildConfiguration section */
		79410B732507D65700F2ADCE /* Debug */ = {
			isa = XCBuildConfiguration;
			buildSettings = {
				ALWAYS_SEARCH_USER_PATHS = NO;
				CLANG_ANALYZER_NONNULL = YES;
				CLANG_ANALYZER_NUMBER_OBJECT_CONVERSION = YES_AGGRESSIVE;
				CLANG_CXX_LANGUAGE_STANDARD = "gnu++14";
				CLANG_CXX_LIBRARY = "libc++";
				CLANG_ENABLE_MODULES = YES;
				CLANG_ENABLE_OBJC_ARC = YES;
				CLANG_ENABLE_OBJC_WEAK = YES;
				CLANG_WARN_BLOCK_CAPTURE_AUTORELEASING = YES;
				CLANG_WARN_BOOL_CONVERSION = YES;
				CLANG_WARN_COMMA = YES;
				CLANG_WARN_CONSTANT_CONVERSION = YES;
				CLANG_WARN_DEPRECATED_OBJC_IMPLEMENTATIONS = YES;
				CLANG_WARN_DIRECT_OBJC_ISA_USAGE = YES_ERROR;
				CLANG_WARN_DOCUMENTATION_COMMENTS = YES;
				CLANG_WARN_EMPTY_BODY = YES;
				CLANG_WARN_ENUM_CONVERSION = YES;
				CLANG_WARN_INFINITE_RECURSION = YES;
				CLANG_WARN_INT_CONVERSION = YES;
				CLANG_WARN_NON_LITERAL_NULL_CONVERSION = YES;
				CLANG_WARN_OBJC_IMPLICIT_RETAIN_SELF = YES;
				CLANG_WARN_OBJC_LITERAL_CONVERSION = YES;
				CLANG_WARN_OBJC_ROOT_CLASS = YES_ERROR;
				CLANG_WARN_RANGE_LOOP_ANALYSIS = YES;
				CLANG_WARN_STRICT_PROTOTYPES = YES;
				CLANG_WARN_SUSPICIOUS_MOVE = YES;
				CLANG_WARN_UNGUARDED_AVAILABILITY = YES_AGGRESSIVE;
				CLANG_WARN_UNREACHABLE_CODE = YES;
				CLANG_WARN__DUPLICATE_METHOD_MATCH = YES;
				COPY_PHASE_STRIP = NO;
				DEBUG_INFORMATION_FORMAT = dwarf;
				ENABLE_STRICT_OBJC_MSGSEND = YES;
				ENABLE_TESTABILITY = YES;
				GCC_C_LANGUAGE_STANDARD = gnu11;
				GCC_DYNAMIC_NO_PIC = NO;
				GCC_NO_COMMON_BLOCKS = YES;
				GCC_OPTIMIZATION_LEVEL = 0;
				GCC_PREPROCESSOR_DEFINITIONS = (
					"DEBUG=1",
					"$(inherited)",
				);
				GCC_WARN_64_TO_32_BIT_CONVERSION = YES;
				GCC_WARN_ABOUT_RETURN_TYPE = YES_ERROR;
				GCC_WARN_UNDECLARED_SELECTOR = YES;
				GCC_WARN_UNINITIALIZED_AUTOS = YES_AGGRESSIVE;
				GCC_WARN_UNUSED_FUNCTION = YES;
				GCC_WARN_UNUSED_VARIABLE = YES;
				IPHONEOS_DEPLOYMENT_TARGET = 13.7;
				MTL_ENABLE_DEBUG_INFO = INCLUDE_SOURCE;
				MTL_FAST_MATH = YES;
				ONLY_ACTIVE_ARCH = YES;
				SDKROOT = iphoneos;
				SWIFT_ACTIVE_COMPILATION_CONDITIONS = DEBUG;
				SWIFT_OPTIMIZATION_LEVEL = "-Onone";
			};
			name = Debug;
		};
		79410B742507D65700F2ADCE /* Release */ = {
			isa = XCBuildConfiguration;
			buildSettings = {
				ALWAYS_SEARCH_USER_PATHS = NO;
				CLANG_ANALYZER_NONNULL = YES;
				CLANG_ANALYZER_NUMBER_OBJECT_CONVERSION = YES_AGGRESSIVE;
				CLANG_CXX_LANGUAGE_STANDARD = "gnu++14";
				CLANG_CXX_LIBRARY = "libc++";
				CLANG_ENABLE_MODULES = YES;
				CLANG_ENABLE_OBJC_ARC = YES;
				CLANG_ENABLE_OBJC_WEAK = YES;
				CLANG_WARN_BLOCK_CAPTURE_AUTORELEASING = YES;
				CLANG_WARN_BOOL_CONVERSION = YES;
				CLANG_WARN_COMMA = YES;
				CLANG_WARN_CONSTANT_CONVERSION = YES;
				CLANG_WARN_DEPRECATED_OBJC_IMPLEMENTATIONS = YES;
				CLANG_WARN_DIRECT_OBJC_ISA_USAGE = YES_ERROR;
				CLANG_WARN_DOCUMENTATION_COMMENTS = YES;
				CLANG_WARN_EMPTY_BODY = YES;
				CLANG_WARN_ENUM_CONVERSION = YES;
				CLANG_WARN_INFINITE_RECURSION = YES;
				CLANG_WARN_INT_CONVERSION = YES;
				CLANG_WARN_NON_LITERAL_NULL_CONVERSION = YES;
				CLANG_WARN_OBJC_IMPLICIT_RETAIN_SELF = YES;
				CLANG_WARN_OBJC_LITERAL_CONVERSION = YES;
				CLANG_WARN_OBJC_ROOT_CLASS = YES_ERROR;
				CLANG_WARN_RANGE_LOOP_ANALYSIS = YES;
				CLANG_WARN_STRICT_PROTOTYPES = YES;
				CLANG_WARN_SUSPICIOUS_MOVE = YES;
				CLANG_WARN_UNGUARDED_AVAILABILITY = YES_AGGRESSIVE;
				CLANG_WARN_UNREACHABLE_CODE = YES;
				CLANG_WARN__DUPLICATE_METHOD_MATCH = YES;
				COPY_PHASE_STRIP = NO;
				DEBUG_INFORMATION_FORMAT = "dwarf-with-dsym";
				ENABLE_NS_ASSERTIONS = NO;
				ENABLE_STRICT_OBJC_MSGSEND = YES;
				GCC_C_LANGUAGE_STANDARD = gnu11;
				GCC_NO_COMMON_BLOCKS = YES;
				GCC_WARN_64_TO_32_BIT_CONVERSION = YES;
				GCC_WARN_ABOUT_RETURN_TYPE = YES_ERROR;
				GCC_WARN_UNDECLARED_SELECTOR = YES;
				GCC_WARN_UNINITIALIZED_AUTOS = YES_AGGRESSIVE;
				GCC_WARN_UNUSED_FUNCTION = YES;
				GCC_WARN_UNUSED_VARIABLE = YES;
				IPHONEOS_DEPLOYMENT_TARGET = 13.7;
				MTL_ENABLE_DEBUG_INFO = NO;
				MTL_FAST_MATH = YES;
				SDKROOT = iphoneos;
				SWIFT_COMPILATION_MODE = wholemodule;
				SWIFT_OPTIMIZATION_LEVEL = "-O";
				VALIDATE_PRODUCT = YES;
			};
			name = Release;
		};
		79410B762507D65700F2ADCE /* Debug */ = {
			isa = XCBuildConfiguration;
			buildSettings = {
				ASSETCATALOG_COMPILER_APPICON_NAME = AppIcon;
				CODE_SIGN_STYLE = Automatic;
				DEVELOPMENT_TEAM = N9AWAY5DHZ;
				INFOPLIST_FILE = Be/Info.plist;
				LD_RUNPATH_SEARCH_PATHS = (
					"$(inherited)",
					"@executable_path/Frameworks",
				);
				PRODUCT_BUNDLE_IDENTIFIER = Be.Be;
				PRODUCT_NAME = "$(TARGET_NAME)";
				SWIFT_VERSION = 5.0;
				TARGETED_DEVICE_FAMILY = "1,2";
			};
			name = Debug;
		};
		79410B772507D65700F2ADCE /* Release */ = {
			isa = XCBuildConfiguration;
			buildSettings = {
				ASSETCATALOG_COMPILER_APPICON_NAME = AppIcon;
				CODE_SIGN_STYLE = Automatic;
				DEVELOPMENT_TEAM = N9AWAY5DHZ;
				INFOPLIST_FILE = Be/Info.plist;
				LD_RUNPATH_SEARCH_PATHS = (
					"$(inherited)",
					"@executable_path/Frameworks",
				);
				PRODUCT_BUNDLE_IDENTIFIER = Be.Be;
				PRODUCT_NAME = "$(TARGET_NAME)";
				SWIFT_VERSION = 5.0;
				TARGETED_DEVICE_FAMILY = "1,2";
			};
			name = Release;
		};
		79410B792507D65700F2ADCE /* Debug */ = {
			isa = XCBuildConfiguration;
			buildSettings = {
				ALWAYS_EMBED_SWIFT_STANDARD_LIBRARIES = YES;
				BUNDLE_LOADER = "$(TEST_HOST)";
				CODE_SIGN_STYLE = Automatic;
				DEVELOPMENT_TEAM = N9AWAY5DHZ;
				INFOPLIST_FILE = BeTests/Info.plist;
				IPHONEOS_DEPLOYMENT_TARGET = 13.7;
				LD_RUNPATH_SEARCH_PATHS = (
					"$(inherited)",
					"@executable_path/Frameworks",
					"@loader_path/Frameworks",
				);
				PRODUCT_BUNDLE_IDENTIFIER = Be.BeTests;
				PRODUCT_NAME = "$(TARGET_NAME)";
				SWIFT_VERSION = 5.0;
				TARGETED_DEVICE_FAMILY = "1,2";
				TEST_HOST = "$(BUILT_PRODUCTS_DIR)/Be.app/Be";
			};
			name = Debug;
		};
		79410B7A2507D65700F2ADCE /* Release */ = {
			isa = XCBuildConfiguration;
			buildSettings = {
				ALWAYS_EMBED_SWIFT_STANDARD_LIBRARIES = YES;
				BUNDLE_LOADER = "$(TEST_HOST)";
				CODE_SIGN_STYLE = Automatic;
				DEVELOPMENT_TEAM = N9AWAY5DHZ;
				INFOPLIST_FILE = BeTests/Info.plist;
				IPHONEOS_DEPLOYMENT_TARGET = 13.7;
				LD_RUNPATH_SEARCH_PATHS = (
					"$(inherited)",
					"@executable_path/Frameworks",
					"@loader_path/Frameworks",
				);
				PRODUCT_BUNDLE_IDENTIFIER = Be.BeTests;
				PRODUCT_NAME = "$(TARGET_NAME)";
				SWIFT_VERSION = 5.0;
				TARGETED_DEVICE_FAMILY = "1,2";
				TEST_HOST = "$(BUILT_PRODUCTS_DIR)/Be.app/Be";
			};
			name = Release;
		};
		79410B7C2507D65700F2ADCE /* Debug */ = {
			isa = XCBuildConfiguration;
			buildSettings = {
				ALWAYS_EMBED_SWIFT_STANDARD_LIBRARIES = YES;
				CODE_SIGN_STYLE = Automatic;
				DEVELOPMENT_TEAM = N9AWAY5DHZ;
				INFOPLIST_FILE = BeUITests/Info.plist;
				LD_RUNPATH_SEARCH_PATHS = (
					"$(inherited)",
					"@executable_path/Frameworks",
					"@loader_path/Frameworks",
				);
				PRODUCT_BUNDLE_IDENTIFIER = Be.BeUITests;
				PRODUCT_NAME = "$(TARGET_NAME)";
				SWIFT_VERSION = 5.0;
				TARGETED_DEVICE_FAMILY = "1,2";
				TEST_TARGET_NAME = Be;
			};
			name = Debug;
		};
		79410B7D2507D65700F2ADCE /* Release */ = {
			isa = XCBuildConfiguration;
			buildSettings = {
				ALWAYS_EMBED_SWIFT_STANDARD_LIBRARIES = YES;
				CODE_SIGN_STYLE = Automatic;
				DEVELOPMENT_TEAM = N9AWAY5DHZ;
				INFOPLIST_FILE = BeUITests/Info.plist;
				LD_RUNPATH_SEARCH_PATHS = (
					"$(inherited)",
					"@executable_path/Frameworks",
					"@loader_path/Frameworks",
				);
				PRODUCT_BUNDLE_IDENTIFIER = Be.BeUITests;
				PRODUCT_NAME = "$(TARGET_NAME)";
				SWIFT_VERSION = 5.0;
				TARGETED_DEVICE_FAMILY = "1,2";
				TEST_TARGET_NAME = Be;
			};
			name = Release;
		};
/* End XCBuildConfiguration section */

/* Begin XCConfigurationList section */
		79410B462507D65400F2ADCE /* Build configuration list for PBXProject "Be" */ = {
			isa = XCConfigurationList;
			buildConfigurations = (
				79410B732507D65700F2ADCE /* Debug */,
				79410B742507D65700F2ADCE /* Release */,
			);
			defaultConfigurationIsVisible = 0;
			defaultConfigurationName = Release;
		};
		79410B752507D65700F2ADCE /* Build configuration list for PBXNativeTarget "Be" */ = {
			isa = XCConfigurationList;
			buildConfigurations = (
				79410B762507D65700F2ADCE /* Debug */,
				79410B772507D65700F2ADCE /* Release */,
			);
			defaultConfigurationIsVisible = 0;
			defaultConfigurationName = Release;
		};
		79410B782507D65700F2ADCE /* Build configuration list for PBXNativeTarget "BeTests" */ = {
			isa = XCConfigurationList;
			buildConfigurations = (
				79410B792507D65700F2ADCE /* Debug */,
				79410B7A2507D65700F2ADCE /* Release */,
			);
			defaultConfigurationIsVisible = 0;
			defaultConfigurationName = Release;
		};
		79410B7B2507D65700F2ADCE /* Build configuration list for PBXNativeTarget "BeUITests" */ = {
			isa = XCConfigurationList;
			buildConfigurations = (
				79410B7C2507D65700F2ADCE /* Debug */,
				79410B7D2507D65700F2ADCE /* Release */,
			);
			defaultConfigurationIsVisible = 0;
			defaultConfigurationName = Release;
		};
/* End XCConfigurationList section */
	};
	rootObject = 79410B432507D65400F2ADCE /* Project object */;
}
